// !$*UTF8*$!
{
	archiveVersion = 1;
	classes = {
	};
	objectVersion = 46;
	objects = {

/* Begin PBXBuildFile section */
		8D7CED611411E2DF00269878 /* UIKit.framework in Frameworks */ = {isa = PBXBuildFile; fileRef = 8D7CED601411E2DF00269878 /* UIKit.framework */; };
		8D7CED631411E2DF00269878 /* Foundation.framework in Frameworks */ = {isa = PBXBuildFile; fileRef = 8D7CED621411E2DF00269878 /* Foundation.framework */; };
		8D7CED651411E2DF00269878 /* CoreGraphics.framework in Frameworks */ = {isa = PBXBuildFile; fileRef = 8D7CED641411E2DF00269878 /* CoreGraphics.framework */; };
		8D7CED6B1411E2DF00269878 /* InfoPlist.strings in Resources */ = {isa = PBXBuildFile; fileRef = 8D7CED691411E2DF00269878 /* InfoPlist.strings */; };
		8D7CED6D1411E2DF00269878 /* main.m in Sources */ = {isa = PBXBuildFile; fileRef = 8D7CED6C1411E2DF00269878 /* main.m */; };
		8D7CED711411E2DF00269878 /* myOSAppDelegate.m in Sources */ = {isa = PBXBuildFile; fileRef = 8D7CED701411E2DF00269878 /* myOSAppDelegate.m */; };
		8D7CED741411E2DF00269878 /* MainWindow.xib in Resources */ = {isa = PBXBuildFile; fileRef = 8D7CED721411E2DF00269878 /* MainWindow.xib */; };
/* End PBXBuildFile section */

/* Begin PBXFileReference section */
		8D7CED5C1411E2DF00269878 /* myOS.app */ = {isa = PBXFileReference; explicitFileType = wrapper.application; includeInIndex = 0; path = myOS.app; sourceTree = BUILT_PRODUCTS_DIR; };
		8D7CED601411E2DF00269878 /* UIKit.framework */ = {isa = PBXFileReference; lastKnownFileType = wrapper.framework; name = UIKit.framework; path = System/Library/Frameworks/UIKit.framework; sourceTree = SDKROOT; };
		8D7CED621411E2DF00269878 /* Foundation.framework */ = {isa = PBXFileReference; lastKnownFileType = wrapper.framework; name = Foundation.framework; path = System/Library/Frameworks/Foundation.framework; sourceTree = SDKROOT; };
		8D7CED641411E2DF00269878 /* CoreGraphics.framework */ = {isa = PBXFileReference; lastKnownFileType = wrapper.framework; name = CoreGraphics.framework; path = System/Library/Frameworks/CoreGraphics.framework; sourceTree = SDKROOT; };
		8D7CED681411E2DF00269878 /* myOS-Info.plist */ = {isa = PBXFileReference; path = "myOS-Info.plist"; sourceTree = "<group>"; };
		8D7CED6A1411E2DF00269878 /* en */ = {isa = PBXFileReference; lastKnownFileType = text.plist.strings; name = en; path = en.lproj/InfoPlist.strings; sourceTree = "<group>"; };
		8D7CED6C1411E2DF00269878 /* main.m */ = {isa = PBXFileReference; lastKnownFileType = sourcecode.c.objc; path = main.m; sourceTree = "<group>"; };
		8D7CED6E1411E2DF00269878 /* myOS-Prefix.pch */ = {isa = PBXFileReference; path = "myOS-Prefix.pch"; sourceTree = "<group>"; };
		8D7CED6F1411E2DF00269878 /* myOSAppDelegate.h */ = {isa = PBXFileReference; path = myOSAppDelegate.h; sourceTree = "<group>"; };
		8D7CED701411E2DF00269878 /* myOSAppDelegate.m */ = {isa = PBXFileReference; lastKnownFileType = sourcecode.c.objc; path = myOSAppDelegate.m; sourceTree = "<group>"; };
		8D7CED731411E2DF00269878 /* en */ = {isa = PBXFileReference; lastKnownFileType = file.xib; name = en; path = en.lproj/MainWindow.xib; sourceTree = "<group>"; };
/* End PBXFileReference section */

/* Begin PBXFrameworksBuildPhase section */
		8D7CED591411E2DF00269878 /* Frameworks */ = {
			isa = PBXFrameworksBuildPhase;
			buildActionMask = 2147483647;
			files = (
				8D7CED611411E2DF00269878 /* UIKit.framework in Frameworks */,
				8D7CED631411E2DF00269878 /* Foundation.framework in Frameworks */,
				8D7CED651411E2DF00269878 /* CoreGraphics.framework in Frameworks */,
			);
			runOnlyForDeploymentPostprocessing = 0;
		};
/* End PBXFrameworksBuildPhase section */

/* Begin PBXGroup section */
		8D7CED511411E2DF00269878 = {
			isa = PBXGroup;
			children = (
				8D7CED661411E2DF00269878 /* myOS */,
				8D7CED5F1411E2DF00269878 /* Frameworks */,
				8D7CED5D1411E2DF00269878 /* Products */,
			);
			sourceTree = "<group>";
		};
		8D7CED5D1411E2DF00269878 /* Products */ = {
			isa = PBXGroup;
			children = (
				8D7CED5C1411E2DF00269878 /* myOS.app */,
			);
			name = Products;
			sourceTree = "<group>";
		};
		8D7CED5F1411E2DF00269878 /* Frameworks */ = {
			isa = PBXGroup;
			children = (
				8D7CED601411E2DF00269878 /* UIKit.framework */,
				8D7CED621411E2DF00269878 /* Foundation.framework */,
				8D7CED641411E2DF00269878 /* CoreGraphics.framework */,
			);
			name = Frameworks;
			sourceTree = "<group>";
		};
		8D7CED661411E2DF00269878 /* myOS */ = {
			isa = PBXGroup;
			children = (
				8D7CED6F1411E2DF00269878 /* myOSAppDelegate.h */,
				8D7CED701411E2DF00269878 /* myOSAppDelegate.m */,
				8D7CED721411E2DF00269878 /* MainWindow.xib */,
				8D7CED671411E2DF00269878 /* Supporting Files */,
			);
			path = myOS;
			sourceTree = "<group>";
		};
		8D7CED671411E2DF00269878 /* Supporting Files */ = {
			isa = PBXGroup;
			children = (
				8D7CED681411E2DF00269878 /* myOS-Info.plist */,
				8D7CED691411E2DF00269878 /* InfoPlist.strings */,
				8D7CED6C1411E2DF00269878 /* main.m */,
				8D7CED6E1411E2DF00269878 /* myOS-Prefix.pch */,
			);
			name = "Supporting Files";
			sourceTree = "<group>";
		};
/* End PBXGroup section */

/* Begin PBXNativeTarget section */
		8D7CED5B1411E2DF00269878 /* myOS */ = {
			isa = PBXNativeTarget;
			buildConfigurationList = 8D7CED771411E2DF00269878 /* Build configuration list for PBXNativeTarget "myOS" */;
			buildPhases = (
				8D7CED581411E2DF00269878 /* Sources */,
				8D7CED591411E2DF00269878 /* Frameworks */,
				8D7CED5A1411E2DF00269878 /* Resources */,
			);
			buildRules = (
			);
			dependencies = (
			);
			name = myOS;
			productName = myOS;
			productReference = 8D7CED5C1411E2DF00269878 /* myOS.app */;
			productType = "com.apple.product-type.application";
		};
/* End PBXNativeTarget section */

/* Begin PBXProject section */
		8D7CED531411E2DF00269878 /* Project object */ = {
			isa = PBXProject;
			buildConfigurationList = 8D7CED561411E2DF00269878 /* Build configuration list for PBXProject "myOS" */;
			compatibilityVersion = "Xcode 3.2";
			developmentRegion = English;
			hasScannedForEncodings = 0;
			knownRegions = (
				en,
			);
			mainGroup = 8D7CED511411E2DF00269878;
			productRefGroup = 8D7CED5D1411E2DF00269878 /* Products */;
			projectDirPath = "";
			projectRoot = "";
			targets = (
				8D7CED5B1411E2DF00269878 /* myOS */,
			);
		};
/* End PBXProject section */

/* Begin PBXResourcesBuildPhase section */
		8D7CED5A1411E2DF00269878 /* Resources */ = {
			isa = PBXResourcesBuildPhase;
			buildActionMask = 2147483647;
			files = (
				8D7CED6B1411E2DF00269878 /* InfoPlist.strings in Resources */,
				8D7CED741411E2DF00269878 /* MainWindow.xib in Resources */,
			);
			runOnlyForDeploymentPostprocessing = 0;
		};
/* End PBXResourcesBuildPhase section */

/* Begin PBXSourcesBuildPhase section */
		8D7CED581411E2DF00269878 /* Sources */ = {
			isa = PBXSourcesBuildPhase;
			buildActionMask = 2147483647;
			files = (
				8D7CED6D1411E2DF00269878 /* main.m in Sources */,
				8D7CED711411E2DF00269878 /* myOSAppDelegate.m in Sources */,
			);
			runOnlyForDeploymentPostprocessing = 0;
		};
/* End PBXSourcesBuildPhase section */

/* Begin PBXVariantGroup section */
		8D7CED691411E2DF00269878 /* InfoPlist.strings */ = {
			isa = PBXVariantGroup;
			children = (
				8D7CED6A1411E2DF00269878 /* en */,
			);
			name = InfoPlist.strings;
			sourceTree = "<group>";
		};
		8D7CED721411E2DF00269878 /* MainWindow.xib */ = {
			isa = PBXVariantGroup;
			children = (
				8D7CED731411E2DF00269878 /* en */,
			);
			name = MainWindow.xib;
			sourceTree = "<group>";
		};
/* End PBXVariantGroup section */

/* Begin XCBuildConfiguration section */
		8D7CED751411E2DF00269878 /* Debug */ = {
			isa = XCBuildConfiguration;
			buildSettings = {
				ALWAYS_SEARCH_USER_PATHS = NO;
				ARCHS = "$(ARCHS_STANDARD_32_BIT)";
				"CODE_SIGN_IDENTITY[sdk=iphoneos*]" = "iPhone Developer";
				COPY_PHASE_STRIP = NO;
				GCC_C_LANGUAGE_STANDARD = gnu99;
				GCC_DYNAMIC_NO_PIC = NO;
				GCC_OPTIMIZATION_LEVEL = 0;
				GCC_PREPROCESSOR_DEFINITIONS = (
					"DEBUG=1",
					"$(inherited)",
				);
				GCC_SYMBOLS_PRIVATE_EXTERN = NO;
				GCC_VERSION = com.apple.compilers.llvmgcc42;
				GCC_WARN_ABOUT_MISSING_PROTOTYPES = YES;
				GCC_WARN_ABOUT_RETURN_TYPE = YES;
				GCC_WARN_UNUSED_VARIABLE = YES;
				IPHONEOS_DEPLOYMENT_TARGET = 4.3;
				SDKROOT = iphoneos;
			};
			name = Debug;
		};
		8D7CED761411E2DF00269878 /* Release */ = {
			isa = XCBuildConfiguration;
			buildSettings = {
				ALWAYS_SEARCH_USER_PATHS = NO;
				ARCHS = "$(ARCHS_STANDARD_32_BIT)";
				"CODE_SIGN_IDENTITY[sdk=iphoneos*]" = "iPhone Developer";
				COPY_PHASE_STRIP = YES;
				GCC_C_LANGUAGE_STANDARD = gnu99;
				GCC_VERSION = com.apple.compilers.llvmgcc42;
				GCC_WARN_ABOUT_MISSING_PROTOTYPES = YES;
				GCC_WARN_ABOUT_RETURN_TYPE = YES;
				GCC_WARN_UNUSED_VARIABLE = YES;
				IPHONEOS_DEPLOYMENT_TARGET = 4.3;
				OTHER_CFLAGS = "-DNS_BLOCK_ASSERTIONS=1";
				SDKROOT = iphoneos;
				VALIDATE_PRODUCT = YES;
			};
			name = Release;
		};
		8D7CED781411E2DF00269878 /* Debug */ = {
			isa = XCBuildConfiguration;
			buildSettings = {
				GCC_PRECOMPILE_PREFIX_HEADER = YES;
				GCC_PREFIX_HEADER = "myOS/myOS-Prefix.pch";
				INFOPLIST_FILE = "myOS/myOS-Info.plist";
				PRODUCT_NAME = "$(TARGET_NAME)";
				WRAPPER_EXTENSION = app;
			};
			name = Debug;
		};
		8D7CED791411E2DF00269878 /* Release */ = {
			isa = XCBuildConfiguration;
			buildSettings = {
				GCC_PRECOMPILE_PREFIX_HEADER = YES;
				GCC_PREFIX_HEADER = "myOS/myOS-Prefix.pch";
				INFOPLIST_FILE = "myOS/myOS-Info.plist";
				PRODUCT_NAME = "$(TARGET_NAME)";
				WRAPPER_EXTENSION = app;
			};
			name = Release;
		};
/* End XCBuildConfiguration section */

/* Begin XCConfigurationList section */
		8D7CED561411E2DF00269878 /* Build configuration list for PBXProject "myOS" */ = {
			isa = XCConfigurationList;
			buildConfigurations = (
				8D7CED751411E2DF00269878 /* Debug */,
				8D7CED761411E2DF00269878 /* Release */,
			);
			defaultConfigurationIsVisible = 0;
			defaultConfigurationName = Release;
		};
		8D7CED771411E2DF00269878 /* Build configuration list for PBXNativeTarget "myOS" */ = {
			isa = XCConfigurationList;
			buildConfigurations = (
				8D7CED781411E2DF00269878 /* Debug */,
				8D7CED791411E2DF00269878 /* Release */,
			);
			defaultConfigurationIsVisible = 0;
		};
/* End XCConfigurationList section */
	};
	rootObject = 8D7CED531411E2DF00269878 /* Project object */;
}
